
Microsoft Visual Studio Solution File, Format Version 12.00
# Visual Studio Version 16
VisualStudioVersion = 16.0.31025.194
MinimumVisualStudioVersion = 10.0.40219.1
Project("{9A19103F-16F7-4668-BE54-9A1E7A4F7556}") = "Cart", "Cart\Cart.csproj", "{B7CDFA0A-0E25-4834-A4A9-4B18F0283639}"
EndProject
Project("{9A19103F-16F7-4668-BE54-9A1E7A4F7556}") = "GrpcClient", "GrpcClient\GrpcClient.csproj", "{2D5869F7-F4D5-465A-A4F6-89AE458B9290}"
EndProject
Project("{9A19103F-16F7-4668-BE54-9A1E7A4F7556}") = "ApiGateway", "ApiGateway\ApiGateway.csproj", "{AB219FA6-2CDD-411F-86A5-5B9E342F6B9D}"
EndProject
Project("{E53339B2-1760-4266-BCC7-CA923CBCF16C}") = "docker-compose", "docker-compose.dcproj", "{3AA00BD6-104B-4B37-88F7-635B09745231}"
EndProject
Project("{FAE04EC0-301F-11D3-BF4B-00C04F79EFBC}") = "Suggestions", "Suggestions\Suggestions.csproj", "{5F0500D9-BAB3-427A-895E-73D594C7CF78}"
EndProject
Global
	GlobalSection(SolutionConfigurationPlatforms) = preSolution
		Debug|Any CPU = Debug|Any CPU
		Release|Any CPU = Release|Any CPU
	EndGlobalSection
	GlobalSection(ProjectConfigurationPlatforms) = postSolution
		{B7CDFA0A-0E25-4834-A4A9-4B18F0283639}.Debug|Any CPU.ActiveCfg = Debug|Any CPU
		{B7CDFA0A-0E25-4834-A4A9-4B18F0283639}.Debug|Any CPU.Build.0 = Debug|Any CPU
		{B7CDFA0A-0E25-4834-A4A9-4B18F0283639}.Release|Any CPU.ActiveCfg = Release|Any CPU
		{B7CDFA0A-0E25-4834-A4A9-4B18F0283639}.Release|Any CPU.Build.0 = Release|Any CPU
		{2D5869F7-F4D5-465A-A4F6-89AE458B9290}.Debug|Any CPU.ActiveCfg = Debug|Any CPU
		{2D5869F7-F4D5-465A-A4F6-89AE458B9290}.Debug|Any CPU.Build.0 = Debug|Any CPU
		{2D5869F7-F4D5-465A-A4F6-89AE458B9290}.Release|Any CPU.ActiveCfg = Release|Any CPU
		{2D5869F7-F4D5-465A-A4F6-89AE458B9290}.Release|Any CPU.Build.0 = Release|Any CPU
		{AB219FA6-2CDD-411F-86A5-5B9E342F6B9D}.Debug|Any CPU.ActiveCfg = Debug|Any CPU
		{AB219FA6-2CDD-411F-86A5-5B9E342F6B9D}.Debug|Any CPU.Build.0 = Debug|Any CPU
		{AB219FA6-2CDD-411F-86A5-5B9E342F6B9D}.Release|Any CPU.ActiveCfg = Release|Any CPU
		{AB219FA6-2CDD-411F-86A5-5B9E342F6B9D}.Release|Any CPU.Build.0 = Release|Any CPU
		{3AA00BD6-104B-4B37-88F7-635B09745231}.Debug|Any CPU.ActiveCfg = Debug|Any CPU
		{3AA00BD6-104B-4B37-88F7-635B09745231}.Debug|Any CPU.Build.0 = Debug|Any CPU
		{3AA00BD6-104B-4B37-88F7-635B09745231}.Release|Any CPU.ActiveCfg = Release|Any CPU
		{3AA00BD6-104B-4B37-88F7-635B09745231}.Release|Any CPU.Build.0 = Release|Any CPU
		{5F0500D9-BAB3-427A-895E-73D594C7CF78}.Debug|Any CPU.ActiveCfg = Debug|Any CPU
		{5F0500D9-BAB3-427A-895E-73D594C7CF78}.Debug|Any CPU.Build.0 = Debug|Any CPU
		{5F0500D9-BAB3-427A-895E-73D594C7CF78}.Release|Any CPU.ActiveCfg = Release|Any CPU
		{5F0500D9-BAB3-427A-895E-73D594C7CF78}.Release|Any CPU.Build.0 = Release|Any CPU
	EndGlobalSection
	GlobalSection(SolutionProperties) = preSolution
		HideSolutionNode = FALSE
	EndGlobalSection
	GlobalSection(ExtensibilityGlobals) = postSolution
		SolutionGuid = {C7DA6813-5639-4553-BBFD-65DEA6FD0960}
	EndGlobalSection
EndGlobal
